{
  "name": "AstronomyBlog",
  "lockfileVersion": 3,
  "requires": true,
  "packages": {
    "": {
      "dependencies": {
        "tween.js": "^16.6.0"
      }
    },
    "node_modules/tween.js": {
      "version": "16.6.0",
      "resolved": "https://registry.npmjs.org/tween.js/-/tween.js-16.6.0.tgz",
      "integrity": "sha512-IIhm0VsiBxNJO+WsXUvjcq+u3sKfOwSu67Yh9T5xSpXb2eHHi9+uZDDGBc7uMXjfud0bYiLkYCEb7JXIGXi5KA==",
      "deprecated": "This package has moved to @tweenjs/tween.js. Please update your dependencies."
    }
  }
}
